
Microsoft Visual Studio Solution File, Format Version 12.00
# Visual Studio Version 16
VisualStudioVersion = 16.0.29001.49
MinimumVisualStudioVersion = 10.0.40219.1
Project("{FAE04EC0-301F-11D3-BF4B-00C04F79EFBC}") = "Zadanie31", "Zadanie31\Zadanie31.csproj", "{01AA3611-E238-4A7D-B77F-54E47C2ADC5D}"
EndProject
Global
	GlobalSection(SolutionConfigurationPlatforms) = preSolution
		Debug|Any CPU = Debug|Any CPU
		Release|Any CPU = Release|Any CPU
	EndGlobalSection
	GlobalSection(ProjectConfigurationPlatforms) = postSolution
		{01AA3611-E238-4A7D-B77F-54E47C2ADC5D}.Debug|Any CPU.ActiveCfg = Debug|Any CPU
		{01AA3611-E238-4A7D-B77F-54E47C2ADC5D}.Debug|Any CPU.Build.0 = Debug|Any CPU
		{01AA3611-E238-4A7D-B77F-54E47C2ADC5D}.Release|Any CPU.ActiveCfg = Release|Any CPU
		{01AA3611-E238-4A7D-B77F-54E47C2ADC5D}.Release|Any CPU.Build.0 = Release|Any CPU
	EndGlobalSection
	GlobalSection(SolutionProperties) = preSolution
		HideSolutionNode = FALSE
	EndGlobalSection
	GlobalSection(ExtensibilityGlobals) = postSolution
		SolutionGuid = {5D51401A-405F-4D9A-9276-9C5BC8543393}
	EndGlobalSection
EndGlobal
